
Microsoft Visual Studio Solution File, Format Version 10.00
# Visual Studio 2008
Project("{FAE04EC0-301F-11D3-BF4B-00C04F79EFBC}") = "Example2", "Example2\Example2.csproj", "{4B94893B-5E8D-414C-BB52-308CF13933D2}"
EndProject
Project("{FAE04EC0-301F-11D3-BF4B-00C04F79EFBC}") = "Example1", "Example1\Example1.csproj", "{73252789-118C-46A4-BD20-0C4BAD1A08EC}"
EndProject
Project("{FAE04EC0-301F-11D3-BF4B-00C04F79EFBC}") = "Example3", "Example3\Example3.csproj", "{D976AB6F-C8C3-4D60-9658-74CF9D320228}"
EndProject
Project("{FAE04EC0-301F-11D3-BF4B-00C04F79EFBC}") = "Example 4", "Example 4\Example 4.csproj", "{BD343499-F5F5-4A3F-91D0-9B85562CC0FF}"
EndProject
Project("{FAE04EC0-301F-11D3-BF4B-00C04F79EFBC}") = "Example5", "Example5\Example5.csproj", "{1A4A625F-E62B-4A1E-9D3C-C5C5AEF71AB2}"
EndProject
Project("{FAE04EC0-301F-11D3-BF4B-00C04F79EFBC}") = "Example6", "Example6\Example6.csproj", "{4D29E7A5-83CD-435E-8077-8032E58A23A6}"
EndProject
Project("{FAE04EC0-301F-11D3-BF4B-00C04F79EFBC}") = "Example7", "Example7\Example7.csproj", "{17A3D452-7CE2-4799-AB99-CE1C4FE2ECCD}"
EndProject
Project("{FAE04EC0-301F-11D3-BF4B-00C04F79EFBC}") = "Example8", "Example8\Example8.csproj", "{EEFDCE82-9F47-4A26-B4C2-2F0506396D42}"
EndProject
Project("{FAE04EC0-301F-11D3-BF4B-00C04F79EFBC}") = "Example9", "Example9\Example9.csproj", "{FEE8E5DF-E657-45E0-8D2F-EFD8B1EE86B4}"
EndProject
Project("{FAE04EC0-301F-11D3-BF4B-00C04F79EFBC}") = "Example10", "Example10\Example10.csproj", "{149B56DF-2058-4D5C-AE00-643905DD3631}"
EndProject
Project("{FAE04EC0-301F-11D3-BF4B-00C04F79EFBC}") = "Example11", "Example11\Example11.csproj", "{D4F8A94D-D92C-4A81-8CF0-AE0BED672007}"
EndProject
Project("{FAE04EC0-301F-11D3-BF4B-00C04F79EFBC}") = "Example12", "Example12\Example12.csproj", "{1B116D66-90AE-403B-B577-B75B3DF70708}"
EndProject
Project("{FAE04EC0-301F-11D3-BF4B-00C04F79EFBC}") = "Example13", "Example13\Example13.csproj", "{1F7F3F4A-7785-463C-AC6A-DF831F588592}"
EndProject
Project("{FAE04EC0-301F-11D3-BF4B-00C04F79EFBC}") = "Example14", "Example14\Example14.csproj", "{D4C7DDDC-3E3E-4238-AA6D-A32E51BD74D9}"
EndProject
Project("{FAE04EC0-301F-11D3-BF4B-00C04F79EFBC}") = "Example15", "Example15\Example15.csproj", "{18A827B3-CE8D-4A19-9F22-188B6A00A3A6}"
EndProject
Global
	GlobalSection(SolutionConfigurationPlatforms) = preSolution
		Debug|Any CPU = Debug|Any CPU
		Release|Any CPU = Release|Any CPU
	EndGlobalSection
	GlobalSection(ProjectConfigurationPlatforms) = postSolution
		{4B94893B-5E8D-414C-BB52-308CF13933D2}.Debug|Any CPU.ActiveCfg = Debug|Any CPU
		{4B94893B-5E8D-414C-BB52-308CF13933D2}.Debug|Any CPU.Build.0 = Debug|Any CPU
		{4B94893B-5E8D-414C-BB52-308CF13933D2}.Release|Any CPU.ActiveCfg = Release|Any CPU
		{4B94893B-5E8D-414C-BB52-308CF13933D2}.Release|Any CPU.Build.0 = Release|Any CPU
		{73252789-118C-46A4-BD20-0C4BAD1A08EC}.Debug|Any CPU.ActiveCfg = Debug|Any CPU
		{73252789-118C-46A4-BD20-0C4BAD1A08EC}.Debug|Any CPU.Build.0 = Debug|Any CPU
		{73252789-118C-46A4-BD20-0C4BAD1A08EC}.Release|Any CPU.ActiveCfg = Release|Any CPU
		{73252789-118C-46A4-BD20-0C4BAD1A08EC}.Release|Any CPU.Build.0 = Release|Any CPU
		{D976AB6F-C8C3-4D60-9658-74CF9D320228}.Debug|Any CPU.ActiveCfg = Debug|Any CPU
		{D976AB6F-C8C3-4D60-9658-74CF9D320228}.Debug|Any CPU.Build.0 = Debug|Any CPU
		{D976AB6F-C8C3-4D60-9658-74CF9D320228}.Release|Any CPU.ActiveCfg = Release|Any CPU
		{D976AB6F-C8C3-4D60-9658-74CF9D320228}.Release|Any CPU.Build.0 = Release|Any CPU
		{BD343499-F5F5-4A3F-91D0-9B85562CC0FF}.Debug|Any CPU.ActiveCfg = Debug|Any CPU
		{BD343499-F5F5-4A3F-91D0-9B85562CC0FF}.Debug|Any CPU.Build.0 = Debug|Any CPU
		{BD343499-F5F5-4A3F-91D0-9B85562CC0FF}.Release|Any CPU.ActiveCfg = Release|Any CPU
		{BD343499-F5F5-4A3F-91D0-9B85562CC0FF}.Release|Any CPU.Build.0 = Release|Any CPU
		{1A4A625F-E62B-4A1E-9D3C-C5C5AEF71AB2}.Debug|Any CPU.ActiveCfg = Debug|Any CPU
		{1A4A625F-E62B-4A1E-9D3C-C5C5AEF71AB2}.Debug|Any CPU.Build.0 = Debug|Any CPU
		{1A4A625F-E62B-4A1E-9D3C-C5C5AEF71AB2}.Release|Any CPU.ActiveCfg = Release|Any CPU
		{1A4A625F-E62B-4A1E-9D3C-C5C5AEF71AB2}.Release|Any CPU.Build.0 = Release|Any CPU
		{4D29E7A5-83CD-435E-8077-8032E58A23A6}.Debug|Any CPU.ActiveCfg = Debug|Any CPU
		{4D29E7A5-83CD-435E-8077-8032E58A23A6}.Debug|Any CPU.Build.0 = Debug|Any CPU
		{4D29E7A5-83CD-435E-8077-8032E58A23A6}.Release|Any CPU.ActiveCfg = Release|Any CPU
		{4D29E7A5-83CD-435E-8077-8032E58A23A6}.Release|Any CPU.Build.0 = Release|Any CPU
		{17A3D452-7CE2-4799-AB99-CE1C4FE2ECCD}.Debug|Any CPU.ActiveCfg = Debug|Any CPU
		{17A3D452-7CE2-4799-AB99-CE1C4FE2ECCD}.Debug|Any CPU.Build.0 = Debug|Any CPU
		{17A3D452-7CE2-4799-AB99-CE1C4FE2ECCD}.Release|Any CPU.ActiveCfg = Release|Any CPU
		{17A3D452-7CE2-4799-AB99-CE1C4FE2ECCD}.Release|Any CPU.Build.0 = Release|Any CPU
		{EEFDCE82-9F47-4A26-B4C2-2F0506396D42}.Debug|Any CPU.ActiveCfg = Debug|Any CPU
		{EEFDCE82-9F47-4A26-B4C2-2F0506396D42}.Debug|Any CPU.Build.0 = Debug|Any CPU
		{EEFDCE82-9F47-4A26-B4C2-2F0506396D42}.Release|Any CPU.ActiveCfg = Release|Any CPU
		{EEFDCE82-9F47-4A26-B4C2-2F0506396D42}.Release|Any CPU.Build.0 = Release|Any CPU
		{FEE8E5DF-E657-45E0-8D2F-EFD8B1EE86B4}.Debug|Any CPU.ActiveCfg = Debug|Any CPU
		{FEE8E5DF-E657-45E0-8D2F-EFD8B1EE86B4}.Debug|Any CPU.Build.0 = Debug|Any CPU
		{FEE8E5DF-E657-45E0-8D2F-EFD8B1EE86B4}.Release|Any CPU.ActiveCfg = Release|Any CPU
		{FEE8E5DF-E657-45E0-8D2F-EFD8B1EE86B4}.Release|Any CPU.Build.0 = Release|Any CPU
		{149B56DF-2058-4D5C-AE00-643905DD3631}.Debug|Any CPU.ActiveCfg = Debug|Any CPU
		{149B56DF-2058-4D5C-AE00-643905DD3631}.Debug|Any CPU.Build.0 = Debug|Any CPU
		{149B56DF-2058-4D5C-AE00-643905DD3631}.Release|Any CPU.ActiveCfg = Release|Any CPU
		{149B56DF-2058-4D5C-AE00-643905DD3631}.Release|Any CPU.Build.0 = Release|Any CPU
		{D4F8A94D-D92C-4A81-8CF0-AE0BED672007}.Debug|Any CPU.ActiveCfg = Debug|Any CPU
		{D4F8A94D-D92C-4A81-8CF0-AE0BED672007}.Debug|Any CPU.Build.0 = Debug|Any CPU
		{D4F8A94D-D92C-4A81-8CF0-AE0BED672007}.Release|Any CPU.ActiveCfg = Release|Any CPU
		{D4F8A94D-D92C-4A81-8CF0-AE0BED672007}.Release|Any CPU.Build.0 = Release|Any CPU
		{1B116D66-90AE-403B-B577-B75B3DF70708}.Debug|Any CPU.ActiveCfg = Debug|Any CPU
		{1B116D66-90AE-403B-B577-B75B3DF70708}.Debug|Any CPU.Build.0 = Debug|Any CPU
		{1B116D66-90AE-403B-B577-B75B3DF70708}.Release|Any CPU.ActiveCfg = Release|Any CPU
		{1B116D66-90AE-403B-B577-B75B3DF70708}.Release|Any CPU.Build.0 = Release|Any CPU
		{1F7F3F4A-7785-463C-AC6A-DF831F588592}.Debug|Any CPU.ActiveCfg = Debug|Any CPU
		{1F7F3F4A-7785-463C-AC6A-DF831F588592}.Debug|Any CPU.Build.0 = Debug|Any CPU
		{1F7F3F4A-7785-463C-AC6A-DF831F588592}.Release|Any CPU.ActiveCfg = Release|Any CPU
		{1F7F3F4A-7785-463C-AC6A-DF831F588592}.Release|Any CPU.Build.0 = Release|Any CPU
		{D4C7DDDC-3E3E-4238-AA6D-A32E51BD74D9}.Debug|Any CPU.ActiveCfg = Debug|Any CPU
		{D4C7DDDC-3E3E-4238-AA6D-A32E51BD74D9}.Debug|Any CPU.Build.0 = Debug|Any CPU
		{D4C7DDDC-3E3E-4238-AA6D-A32E51BD74D9}.Release|Any CPU.ActiveCfg = Release|Any CPU
		{D4C7DDDC-3E3E-4238-AA6D-A32E51BD74D9}.Release|Any CPU.Build.0 = Release|Any CPU
		{18A827B3-CE8D-4A19-9F22-188B6A00A3A6}.Debug|Any CPU.ActiveCfg = Debug|Any CPU
		{18A827B3-CE8D-4A19-9F22-188B6A00A3A6}.Debug|Any CPU.Build.0 = Debug|Any CPU
		{18A827B3-CE8D-4A19-9F22-188B6A00A3A6}.Release|Any CPU.ActiveCfg = Release|Any CPU
		{18A827B3-CE8D-4A19-9F22-188B6A00A3A6}.Release|Any CPU.Build.0 = Release|Any CPU
	EndGlobalSection
	GlobalSection(SolutionProperties) = preSolution
		HideSolutionNode = FALSE
	EndGlobalSection
EndGlobal
